
Microsoft Visual Studio Solution File, Format Version 12.00
# Visual Studio Version 16
VisualStudioVersion = 16.0.30204.135
MinimumVisualStudioVersion = 10.0.40219.1
Project("{FAE04EC0-301F-11D3-BF4B-00C04F79EFBC}") = "test", "test\test.csproj", "{97630E45-A87B-4AD0-93C2-691D548B1D36}"
EndProject
Project("{FAE04EC0-301F-11D3-BF4B-00C04F79EFBC}") = "datamungerstep1_bolierplate", "datamungerstep1_bolierplate\datamungerstep1_bolierplate.csproj", "{C905789F-2655-4C00-8858-FD19556B4538}"
EndProject
Project("{FAE04EC0-301F-11D3-BF4B-00C04F79EFBC}") = "datamungerstep1_Console", "datamungerstep1_Console\datamungerstep1_Console.csproj", "{43DABBF6-B84A-4A19-BFE0-C520874F2347}"
EndProject
Global
	GlobalSection(SolutionConfigurationPlatforms) = preSolution
		Debug|Any CPU = Debug|Any CPU
		Release|Any CPU = Release|Any CPU
	EndGlobalSection
	GlobalSection(ProjectConfigurationPlatforms) = postSolution
		{97630E45-A87B-4AD0-93C2-691D548B1D36}.Debug|Any CPU.ActiveCfg = Debug|Any CPU
		{97630E45-A87B-4AD0-93C2-691D548B1D36}.Debug|Any CPU.Build.0 = Debug|Any CPU
		{97630E45-A87B-4AD0-93C2-691D548B1D36}.Release|Any CPU.ActiveCfg = Release|Any CPU
		{97630E45-A87B-4AD0-93C2-691D548B1D36}.Release|Any CPU.Build.0 = Release|Any CPU
		{C905789F-2655-4C00-8858-FD19556B4538}.Debug|Any CPU.ActiveCfg = Debug|Any CPU
		{C905789F-2655-4C00-8858-FD19556B4538}.Debug|Any CPU.Build.0 = Debug|Any CPU
		{C905789F-2655-4C00-8858-FD19556B4538}.Release|Any CPU.ActiveCfg = Release|Any CPU
		{C905789F-2655-4C00-8858-FD19556B4538}.Release|Any CPU.Build.0 = Release|Any CPU
		{43DABBF6-B84A-4A19-BFE0-C520874F2347}.Debug|Any CPU.ActiveCfg = Debug|Any CPU
		{43DABBF6-B84A-4A19-BFE0-C520874F2347}.Debug|Any CPU.Build.0 = Debug|Any CPU
		{43DABBF6-B84A-4A19-BFE0-C520874F2347}.Release|Any CPU.ActiveCfg = Release|Any CPU
		{43DABBF6-B84A-4A19-BFE0-C520874F2347}.Release|Any CPU.Build.0 = Release|Any CPU
	EndGlobalSection
	GlobalSection(SolutionProperties) = preSolution
		HideSolutionNode = FALSE
	EndGlobalSection
	GlobalSection(ExtensibilityGlobals) = postSolution
		SolutionGuid = {FC82250B-3C00-4A94-A70E-F339682C4FEA}
	EndGlobalSection
EndGlobal
